
Microsoft Visual Studio Solution File, Format Version 12.00
# Visual Studio Version 17
VisualStudioVersion = 17.12.35707.178
MinimumVisualStudioVersion = 10.0.40219.1
Project("{FAE04EC0-301F-11D3-BF4B-00C04F79EFBC}") = "ExtracttaTest.WebApi", "ExtracttaTest.WebApi\ExtracttaTest.WebApi.csproj", "{1B90D4EC-6715-48DC-B48A-884E7167D9C8}"
EndProject
Project("{FAE04EC0-301F-11D3-BF4B-00C04F79EFBC}") = "ExtracttaTest.AppHost", "ExtracttaTest.AppHost\ExtracttaTest.AppHost.csproj", "{19E351F9-A359-4076-ADB4-AA37F6ACC2A2}"
EndProject
Project("{FAE04EC0-301F-11D3-BF4B-00C04F79EFBC}") = "ExtracttaTest.ServiceDefaults", "ExtracttaTest.ServiceDefaults\ExtracttaTest.ServiceDefaults.csproj", "{84D7DC39-78B9-4990-BE06-4FCC094B0253}"
EndProject
Project("{FAE04EC0-301F-11D3-BF4B-00C04F79EFBC}") = "ExtracttaTest.Domain", "ExtracttaTest.Domain\ExtracttaTest.Domain.csproj", "{9382A6E8-0BA1-4385-A3E4-4E8B4B2D4D95}"
EndProject
Project("{2150E333-8FDC-42A3-9474-1A3956D46DE8}") = "src", "src", "{46392574-D994-4776-BCED-ECADD4DC8935}"
EndProject
Project("{2150E333-8FDC-42A3-9474-1A3956D46DE8}") = "tests", "tests", "{C3965ECB-EB9A-45EA-A46E-99B4ACCF227F}"
EndProject
Project("{FAE04EC0-301F-11D3-BF4B-00C04F79EFBC}") = "ExtracttaTest.Application", "ExtracttaTest.Application\ExtracttaTest.Application.csproj", "{31E43297-071C-4455-B7A3-9FD507312055}"
EndProject
Project("{FAE04EC0-301F-11D3-BF4B-00C04F79EFBC}") = "ExtracttaTest.Infrastructure", "ExtracttaTest.Infrastructure\ExtracttaTest.Infrastructure.csproj", "{E4B6CD34-4D5C-4583-97C9-5B3CD37B8A3D}"
EndProject
Project("{E53339B2-1760-4266-BCC7-CA923CBCF16C}") = "docker-compose", "docker-compose.dcproj", "{99A86039-06E2-4774-82CD-ADE3A712EFA5}"
EndProject
Project("{FAE04EC0-301F-11D3-BF4B-00C04F79EFBC}") = "ExtracttaTest.Application.Tests", "ExtracttaTest.Application.Tests\ExtracttaTest.Application.Tests.csproj", "{39AA0E7A-C919-4D83-9DFF-0E523C2C62A2}"
EndProject
Project("{54A90642-561A-4BB1-A94E-469ADEE60C69}") = "ExtracttaTest.Presentation", "ExtracttaTest.Presentation\ExtracttaTest.Presentation.esproj", "{646801C7-1F3F-41E0-A0BC-6F9360DCB852}"
EndProject
Global
	GlobalSection(SolutionConfigurationPlatforms) = preSolution
		Debug|Any CPU = Debug|Any CPU
		Release|Any CPU = Release|Any CPU
	EndGlobalSection
	GlobalSection(ProjectConfigurationPlatforms) = postSolution
		{1B90D4EC-6715-48DC-B48A-884E7167D9C8}.Debug|Any CPU.ActiveCfg = Debug|Any CPU
		{1B90D4EC-6715-48DC-B48A-884E7167D9C8}.Debug|Any CPU.Build.0 = Debug|Any CPU
		{1B90D4EC-6715-48DC-B48A-884E7167D9C8}.Release|Any CPU.ActiveCfg = Release|Any CPU
		{1B90D4EC-6715-48DC-B48A-884E7167D9C8}.Release|Any CPU.Build.0 = Release|Any CPU
		{19E351F9-A359-4076-ADB4-AA37F6ACC2A2}.Debug|Any CPU.ActiveCfg = Debug|Any CPU
		{19E351F9-A359-4076-ADB4-AA37F6ACC2A2}.Debug|Any CPU.Build.0 = Debug|Any CPU
		{19E351F9-A359-4076-ADB4-AA37F6ACC2A2}.Release|Any CPU.ActiveCfg = Release|Any CPU
		{19E351F9-A359-4076-ADB4-AA37F6ACC2A2}.Release|Any CPU.Build.0 = Release|Any CPU
		{84D7DC39-78B9-4990-BE06-4FCC094B0253}.Debug|Any CPU.ActiveCfg = Debug|Any CPU
		{84D7DC39-78B9-4990-BE06-4FCC094B0253}.Debug|Any CPU.Build.0 = Debug|Any CPU
		{84D7DC39-78B9-4990-BE06-4FCC094B0253}.Release|Any CPU.ActiveCfg = Release|Any CPU
		{84D7DC39-78B9-4990-BE06-4FCC094B0253}.Release|Any CPU.Build.0 = Release|Any CPU
		{9382A6E8-0BA1-4385-A3E4-4E8B4B2D4D95}.Debug|Any CPU.ActiveCfg = Debug|Any CPU
		{9382A6E8-0BA1-4385-A3E4-4E8B4B2D4D95}.Debug|Any CPU.Build.0 = Debug|Any CPU
		{9382A6E8-0BA1-4385-A3E4-4E8B4B2D4D95}.Release|Any CPU.ActiveCfg = Release|Any CPU
		{9382A6E8-0BA1-4385-A3E4-4E8B4B2D4D95}.Release|Any CPU.Build.0 = Release|Any CPU
		{31E43297-071C-4455-B7A3-9FD507312055}.Debug|Any CPU.ActiveCfg = Debug|Any CPU
		{31E43297-071C-4455-B7A3-9FD507312055}.Debug|Any CPU.Build.0 = Debug|Any CPU
		{31E43297-071C-4455-B7A3-9FD507312055}.Release|Any CPU.ActiveCfg = Release|Any CPU
		{31E43297-071C-4455-B7A3-9FD507312055}.Release|Any CPU.Build.0 = Release|Any CPU
		{E4B6CD34-4D5C-4583-97C9-5B3CD37B8A3D}.Debug|Any CPU.ActiveCfg = Debug|Any CPU
		{E4B6CD34-4D5C-4583-97C9-5B3CD37B8A3D}.Debug|Any CPU.Build.0 = Debug|Any CPU
		{E4B6CD34-4D5C-4583-97C9-5B3CD37B8A3D}.Release|Any CPU.ActiveCfg = Release|Any CPU
		{E4B6CD34-4D5C-4583-97C9-5B3CD37B8A3D}.Release|Any CPU.Build.0 = Release|Any CPU
		{99A86039-06E2-4774-82CD-ADE3A712EFA5}.Debug|Any CPU.ActiveCfg = Debug|Any CPU
		{99A86039-06E2-4774-82CD-ADE3A712EFA5}.Debug|Any CPU.Build.0 = Debug|Any CPU
		{99A86039-06E2-4774-82CD-ADE3A712EFA5}.Release|Any CPU.ActiveCfg = Release|Any CPU
		{99A86039-06E2-4774-82CD-ADE3A712EFA5}.Release|Any CPU.Build.0 = Release|Any CPU
		{39AA0E7A-C919-4D83-9DFF-0E523C2C62A2}.Debug|Any CPU.ActiveCfg = Debug|Any CPU
		{39AA0E7A-C919-4D83-9DFF-0E523C2C62A2}.Debug|Any CPU.Build.0 = Debug|Any CPU
		{39AA0E7A-C919-4D83-9DFF-0E523C2C62A2}.Release|Any CPU.ActiveCfg = Release|Any CPU
		{39AA0E7A-C919-4D83-9DFF-0E523C2C62A2}.Release|Any CPU.Build.0 = Release|Any CPU
		{646801C7-1F3F-41E0-A0BC-6F9360DCB852}.Debug|Any CPU.ActiveCfg = Debug|Any CPU
		{646801C7-1F3F-41E0-A0BC-6F9360DCB852}.Debug|Any CPU.Build.0 = Debug|Any CPU
		{646801C7-1F3F-41E0-A0BC-6F9360DCB852}.Debug|Any CPU.Deploy.0 = Debug|Any CPU
		{646801C7-1F3F-41E0-A0BC-6F9360DCB852}.Release|Any CPU.ActiveCfg = Release|Any CPU
		{646801C7-1F3F-41E0-A0BC-6F9360DCB852}.Release|Any CPU.Build.0 = Release|Any CPU
		{646801C7-1F3F-41E0-A0BC-6F9360DCB852}.Release|Any CPU.Deploy.0 = Release|Any CPU
	EndGlobalSection
	GlobalSection(SolutionProperties) = preSolution
		HideSolutionNode = FALSE
	EndGlobalSection
	GlobalSection(NestedProjects) = preSolution
		{1B90D4EC-6715-48DC-B48A-884E7167D9C8} = {46392574-D994-4776-BCED-ECADD4DC8935}
		{19E351F9-A359-4076-ADB4-AA37F6ACC2A2} = {46392574-D994-4776-BCED-ECADD4DC8935}
		{84D7DC39-78B9-4990-BE06-4FCC094B0253} = {46392574-D994-4776-BCED-ECADD4DC8935}
		{9382A6E8-0BA1-4385-A3E4-4E8B4B2D4D95} = {46392574-D994-4776-BCED-ECADD4DC8935}
		{31E43297-071C-4455-B7A3-9FD507312055} = {46392574-D994-4776-BCED-ECADD4DC8935}
		{E4B6CD34-4D5C-4583-97C9-5B3CD37B8A3D} = {46392574-D994-4776-BCED-ECADD4DC8935}
		{39AA0E7A-C919-4D83-9DFF-0E523C2C62A2} = {C3965ECB-EB9A-45EA-A46E-99B4ACCF227F}
		{646801C7-1F3F-41E0-A0BC-6F9360DCB852} = {46392574-D994-4776-BCED-ECADD4DC8935}
	EndGlobalSection
EndGlobal
